<?xml version="1.0" encoding="utf-8"?>
<Project ToolsVersion="4.0" xmlns="http://schemas.microsoft.com/developer/msbuild/2003">
  <ItemGroup>
    <ClCompile Include="..\engine\aa.cpp">
      <Filter>engine</Filter>
    </ClCompile>
    <ClCompile Include="..\game\ai.cpp">
      <Filter>game</Filter>
    </ClCompile>
    <ClCompile Include="..\engine\bih.cpp">
      <Filter>engine</Filter>
    </ClCompile>
    <ClCompile Include="..\engine\blend.cpp">
      <Filter>engine</Filter>
    </ClCompile>
    <ClCompile Include="..\engine\client.cpp">
      <Filter>engine</Filter>
    </ClCompile>
    <ClCompile Include="..\game\gameclient.cpp">
      <Filter>game</Filter>
    </ClCompile>
    <ClCompile Include="..\engine\command.cpp">
      <Filter>engine</Filter>
    </ClCompile>
    <ClCompile Include="..\engine\console.cpp">
      <Filter>engine</Filter>
    </ClCompile>
    <ClCompile Include="..\shared\crypto.cpp">
      <Filter>shared</Filter>
    </ClCompile>
    <ClCompile Include="..\engine\dynlight.cpp">
      <Filter>engine</Filter>
    </ClCompile>
    <ClCompile Include="..\game\game.cpp">
      <Filter>game</Filter>
    </ClCompile>
    <ClCompile Include="..\shared\geom.cpp">
      <Filter>shared</Filter>
    </ClCompile>
    <ClCompile Include="..\shared\glemu.cpp">
      <Filter>shared</Filter>
    </ClCompile>
    <ClCompile Include="..\engine\grass.cpp">
      <Filter>engine</Filter>
    </ClCompile>
    <ClCompile Include="..\engine\light.cpp">
      <Filter>engine</Filter>
    </ClCompile>
    <ClCompile Include="..\engine\main.cpp">
      <Filter>engine</Filter>
    </ClCompile>
    <ClCompile Include="..\engine\material.cpp">
      <Filter>engine</Filter>
    </ClCompile>
    <ClCompile Include="..\engine\menus.cpp">
      <Filter>engine</Filter>
    </ClCompile>
    <ClCompile Include="..\engine\movie.cpp">
      <Filter>engine</Filter>
    </ClCompile>
    <ClCompile Include="..\engine\normal.cpp">
      <Filter>engine</Filter>
    </ClCompile>
    <ClCompile Include="..\engine\octa.cpp">
      <Filter>engine</Filter>
    </ClCompile>
    <ClCompile Include="..\engine\octaedit.cpp">
      <Filter>engine</Filter>
    </ClCompile>
    <ClCompile Include="..\engine\octarender.cpp">
      <Filter>engine</Filter>
    </ClCompile>
    <ClCompile Include="..\game\pch.cpp">
      <Filter>game</Filter>
    </ClCompile>
    <ClCompile Include="..\shared\pch.cpp">
      <Filter>shared</Filter>
    </ClCompile>
    <ClCompile Include="..\engine\pch.cpp">
      <Filter>engine</Filter>
    </ClCompile>
    <ClCompile Include="..\engine\physics.cpp">
      <Filter>engine</Filter>
    </ClCompile>
    <ClCompile Include="..\engine\pvs.cpp">
      <Filter>engine</Filter>
    </ClCompile>
    <ClCompile Include="..\game\render.cpp">
      <Filter>engine</Filter>
    </ClCompile>
    <ClCompile Include="..\engine\rendergl.cpp">
      <Filter>engine</Filter>
    </ClCompile>
    <ClCompile Include="..\engine\renderlights.cpp">
      <Filter>engine</Filter>
    </ClCompile>
    <ClCompile Include="..\engine\rendersky.cpp">
      <Filter>engine</Filter>
    </ClCompile>
    <ClCompile Include="..\engine\rendermodel.cpp">
      <Filter>engine</Filter>
    </ClCompile>
    <ClCompile Include="..\engine\renderparticles.cpp">
      <Filter>engine</Filter>
    </ClCompile>
    <ClCompile Include="..\engine\rendertext.cpp">
      <Filter>engine</Filter>
    </ClCompile>
    <ClCompile Include="..\engine\renderva.cpp">
      <Filter>engine</Filter>
    </ClCompile>
    <ClCompile Include="..\game\scoreboard.cpp">
      <Filter>game</Filter>
    </ClCompile>
    <ClCompile Include="..\engine\server.cpp">
      <Filter>engine</Filter>
    </ClCompile>
    <ClCompile Include="..\game\gameserver.cpp">
      <Filter>game</Filter>
    </ClCompile>
    <ClCompile Include="..\engine\serverbrowser.cpp">
      <Filter>engine</Filter>
    </ClCompile>
    <ClCompile Include="..\engine\shader.cpp">
      <Filter>engine</Filter>
    </ClCompile>
    <ClCompile Include="..\engine\sound.cpp">
      <Filter>engine</Filter>
    </ClCompile>
    <ClCompile Include="..\engine\stain.cpp">
      <Filter>engine</Filter>
    </ClCompile>
    <ClCompile Include="..\shared\stream.cpp">
      <Filter>shared</Filter>
    </ClCompile>
    <ClCompile Include="..\engine\texture.cpp">
      <Filter>engine</Filter>
    </ClCompile>
    <ClCompile Include="..\shared\tools.cpp">
      <Filter>shared</Filter>
    </ClCompile>
    <ClCompile Include="..\engine\ui.cpp">
      <Filter>engine</Filter>
    </ClCompile>
    <ClCompile Include="..\engine\liquid.cpp">
      <Filter>engine</Filter>
    </ClCompile>
    <ClCompile Include="..\game\waypoint.cpp">
      <Filter>game</Filter>
    </ClCompile>
    <ClCompile Include="..\game\weapon.cpp">
      <Filter>game</Filter>
    </ClCompile>
    <ClCompile Include="..\engine\world.cpp">
      <Filter>engine</Filter>
    </ClCompile>
    <ClCompile Include="..\engine\worldio.cpp">
      <Filter>engine</Filter>
    </ClCompile>
    <ClCompile Include="..\shared\zip.cpp">
      <Filter>shared</Filter>
    </ClCompile>
    <ClCompile Include="..\game\entity.cpp">
      <Filter>game</Filter>
    </ClCompile>
    <ClCompile Include="..\game\monster.cpp">
      <Filter>game</Filter>
    </ClCompile>
    <ClCompile Include="..\game\gamephysics.cpp">
      <Filter>game</Filter>
    </ClCompile>
  </ItemGroup>
  <ItemGroup>
    <ClInclude Include="..\game\ai.h">
      <Filter>game</Filter>
    </ClInclude>
    <ClInclude Include="..\engine\animmodel.h">
      <Filter>engine</Filter>
    </ClInclude>
    <ClInclude Include="..\engine\bih.h">
      <Filter>engine</Filter>
    </ClInclude>
    <ClInclude Include="..\shared\command.h">
      <Filter>shared</Filter>
    </ClInclude>
    <ClInclude Include="..\game\ctf.h">
      <Filter>game</Filter>
    </ClInclude>
    <ClInclude Include="..\shared\cube.h">
      <Filter>shared</Filter>
    </ClInclude>
    <ClInclude Include="..\engine\engine.h">
      <Filter>engine</Filter>
    </ClInclude>
    <ClInclude Include="..\shared\ents.h">
      <Filter>shared</Filter>
    </ClInclude>
    <ClInclude Include="..\engine\explosion.h">
      <Filter>engine</Filter>
    </ClInclude>
    <ClInclude Include="..\game\extinfo.h">
      <Filter>game</Filter>
    </ClInclude>
    <ClInclude Include="..\game\game.h">
      <Filter>game</Filter>
    </ClInclude>
    <ClInclude Include="..\shared\geom.h">
      <Filter>shared</Filter>
    </ClInclude>
    <ClInclude Include="..\shared\glemu.h">
      <Filter>shared</Filter>
    </ClInclude>
    <ClInclude Include="..\shared\glexts.h">
      <Filter>shared</Filter>
    </ClInclude>
    <ClInclude Include="..\engine\hitzone.h">
      <Filter>engine</Filter>
    </ClInclude>
    <ClInclude Include="..\shared\iengine.h">
      <Filter>shared</Filter>
    </ClInclude>
    <ClInclude Include="..\shared\igame.h">
      <Filter>shared</Filter>
    </ClInclude>
    <ClInclude Include="..\engine\iqm.h">
      <Filter>engine</Filter>
    </ClInclude>
    <ClInclude Include="..\engine\lensflare.h">
      <Filter>engine</Filter>
    </ClInclude>
    <ClInclude Include="..\engine\light.h">
      <Filter>engine</Filter>
    </ClInclude>
    <ClInclude Include="..\engine\lightning.h">
      <Filter>engine</Filter>
    </ClInclude>
    <ClInclude Include="..\engine\md2.h">
      <Filter>engine</Filter>
    </ClInclude>
    <ClInclude Include="..\engine\md3.h">
      <Filter>engine</Filter>
    </ClInclude>
    <ClInclude Include="..\engine\md5.h">
      <Filter>engine</Filter>
    </ClInclude>
    <ClInclude Include="..\engine\model.h">
      <Filter>engine</Filter>
    </ClInclude>
    <ClInclude Include="..\engine\mpr.h">
      <Filter>engine</Filter>
    </ClInclude>
    <ClInclude Include="..\engine\obj.h">
      <Filter>engine</Filter>
    </ClInclude>
    <ClInclude Include="..\engine\octa.h">
      <Filter>engine</Filter>
    </ClInclude>
    <ClInclude Include="..\engine\ragdoll.h">
      <Filter>engine</Filter>
    </ClInclude>
    <ClInclude Include="..\engine\smd.h">
      <Filter>engine</Filter>
    </ClInclude>
    <ClInclude Include="..\engine\skelmodel.h">
      <Filter>engine</Filter>
    </ClInclude>
    <ClInclude Include="..\engine\textedit.h">
      <Filter>engine</Filter>
    </ClInclude>
    <ClInclude Include="..\engine\texture.h">
      <Filter>engine</Filter>
    </ClInclude>
    <ClInclude Include="..\shared\tools.h">
      <Filter>shared</Filter>
    </ClInclude>
    <ClInclude Include="..\engine\vertmodel.h">
      <Filter>engine</Filter>
    </ClInclude>
    <ClInclude Include="..\engine\world.h">
      <Filter>engine</Filter>
    </ClInclude>
    <ClInclude Include="..\game\elimination.h">
      <Filter>game</Filter>
    </ClInclude>
    <ClInclude Include="..\game\gamemode.h">
      <Filter>game</Filter>
    </ClInclude>
    <ClInclude Include="..\game\weapon.h">
      <Filter>game</Filter>
    </ClInclude>
    <ClInclude Include="..\game\entity.h">
      <Filter>game</Filter>
    </ClInclude>
    <ClInclude Include="..\game\aimanager.h">
      <Filter>game</Filter>
    </ClInclude>
    <ClInclude Include="..\game\monster.h">
      <Filter>game</Filter>
    </ClInclude>
    <ClInclude Include="..\engine\version.h">
      <Filter>engine</Filter>
    </ClInclude>
    <ClInclude Include="..\engine\sound.h">
      <Filter>engine</Filter>
    </ClInclude>
  </ItemGroup>
  <ItemGroup>
    <ResourceCompile Include="valhalla.rc" />
  </ItemGroup>
  <ItemGroup>
    <Filter Include="shared">
      <UniqueIdentifier>{31e3d751-04b0-4c38-94f9-eddd8ef4c42a}</UniqueIdentifier>
    </Filter>
    <Filter Include="engine">
      <UniqueIdentifier>{37ef9828-d87f-413d-93ee-effc029b6a73}</UniqueIdentifier>
    </Filter>
    <Filter Include="game">
      <UniqueIdentifier>{9b7a70df-c8ed-4662-8380-4ffe119eb216}</UniqueIdentifier>
    </Filter>
  </ItemGroup>
</Project>